
Microsoft Visual Studio Solution File, Format Version 12.00
# Visual Studio Version 17
VisualStudioVersion = 17.8.34330.188
MinimumVisualStudioVersion = 10.0.40219.1
Project("{FAE04EC0-301F-11D3-BF4B-00C04F79EFBC}") = "ProjectTwo", "ProjectTwo\ProjectTwo.csproj", "{DE978891-CD98-498A-A6BE-6B6DBE0AB4DF}"
EndProject
Project("{9A19103F-16F7-4668-BE54-9A1E7A4F7556}") = "AtlasLibMono", "..\AtlasLibMono\AtlasLibMono\AtlasLibMono.csproj", "{0EB3667E-2887-40C4-A141-F1FAC706D50A}"
EndProject
Global
	GlobalSection(SolutionConfigurationPlatforms) = preSolution
		Debug|Any CPU = Debug|Any CPU
		Release|Any CPU = Release|Any CPU
	EndGlobalSection
	GlobalSection(ProjectConfigurationPlatforms) = postSolution
		{DE978891-CD98-498A-A6BE-6B6DBE0AB4DF}.Debug|Any CPU.ActiveCfg = Debug|Any CPU
		{DE978891-CD98-498A-A6BE-6B6DBE0AB4DF}.Debug|Any CPU.Build.0 = Debug|Any CPU
		{DE978891-CD98-498A-A6BE-6B6DBE0AB4DF}.Release|Any CPU.ActiveCfg = Release|Any CPU
		{DE978891-CD98-498A-A6BE-6B6DBE0AB4DF}.Release|Any CPU.Build.0 = Release|Any CPU
		{0EB3667E-2887-40C4-A141-F1FAC706D50A}.Debug|Any CPU.ActiveCfg = Debug|Any CPU
		{0EB3667E-2887-40C4-A141-F1FAC706D50A}.Debug|Any CPU.Build.0 = Debug|Any CPU
		{0EB3667E-2887-40C4-A141-F1FAC706D50A}.Release|Any CPU.ActiveCfg = Release|Any CPU
		{0EB3667E-2887-40C4-A141-F1FAC706D50A}.Release|Any CPU.Build.0 = Release|Any CPU
	EndGlobalSection
	GlobalSection(SolutionProperties) = preSolution
		HideSolutionNode = FALSE
	EndGlobalSection
	GlobalSection(ExtensibilityGlobals) = postSolution
		SolutionGuid = {55F3687B-23F0-4868-B344-7A38A0A10877}
	EndGlobalSection
EndGlobal
